
Microsoft Visual Studio Solution File, Format Version 12.00
# Visual Studio Version 17
VisualStudioVersion = 17.0.31903.59
MinimumVisualStudioVersion = 10.0.40219.1
Project("{FAE04EC0-301F-11D3-BF4B-00C04F79EFBC}") = "PusselNr2", "PusselNr2\PusselNr2.csproj", "{46028E3D-5D21-4C63-BBA3-68C738FAB32B}"
EndProject
Global
	GlobalSection(SolutionConfigurationPlatforms) = preSolution
		Debug|Any CPU = Debug|Any CPU
		Release|Any CPU = Release|Any CPU
	EndGlobalSection
	GlobalSection(ProjectConfigurationPlatforms) = postSolution
		{46028E3D-5D21-4C63-BBA3-68C738FAB32B}.Debug|Any CPU.ActiveCfg = Debug|Any CPU
		{46028E3D-5D21-4C63-BBA3-68C738FAB32B}.Debug|Any CPU.Build.0 = Debug|Any CPU
		{46028E3D-5D21-4C63-BBA3-68C738FAB32B}.Release|Any CPU.ActiveCfg = Release|Any CPU
		{46028E3D-5D21-4C63-BBA3-68C738FAB32B}.Release|Any CPU.Build.0 = Release|Any CPU
	EndGlobalSection
	GlobalSection(SolutionProperties) = preSolution
		HideSolutionNode = FALSE
	EndGlobalSection
	GlobalSection(ExtensibilityGlobals) = postSolution
		SolutionGuid = {5D262FA1-05D0-470A-8E0D-5D28FA44AB77}
	EndGlobalSection
EndGlobal
